
Microsoft Visual Studio Solution File, Format Version 12.00
# Visual Studio Version 17
VisualStudioVersion = 17.7.34202.233
MinimumVisualStudioVersion = 10.0.40219.1
Project("{FAE04EC0-301F-11D3-BF4B-00C04F79EFBC}") = "PlaywrightDotnet", "PlaywrightDotnet\PlaywrightDotnet.csproj", "{2857F367-B876-4B33-9965-E873B96D6796}"
EndProject
Global
	GlobalSection(SolutionConfigurationPlatforms) = preSolution
		Debug|Any CPU = Debug|Any CPU
		Release|Any CPU = Release|Any CPU
	EndGlobalSection
	GlobalSection(ProjectConfigurationPlatforms) = postSolution
		{2857F367-B876-4B33-9965-E873B96D6796}.Debug|Any CPU.ActiveCfg = Debug|Any CPU
		{2857F367-B876-4B33-9965-E873B96D6796}.Debug|Any CPU.Build.0 = Debug|Any CPU
		{2857F367-B876-4B33-9965-E873B96D6796}.Release|Any CPU.ActiveCfg = Release|Any CPU
		{2857F367-B876-4B33-9965-E873B96D6796}.Release|Any CPU.Build.0 = Release|Any CPU
	EndGlobalSection
	GlobalSection(SolutionProperties) = preSolution
		HideSolutionNode = FALSE
	EndGlobalSection
	GlobalSection(ExtensibilityGlobals) = postSolution
		SolutionGuid = {AEA58359-0BA3-4FAF-9656-360D06171450}
	EndGlobalSection
EndGlobal
